// !$*UTF8*$!
{
	archiveVersion = 1;
	classes = {
	};
	objectVersion = 46;
	objects = {

/* Begin PBXBuildFile section */
		3577DFA31CC0BECD004E14C2 /* FFCountableInputView.m in Sources */ = {isa = PBXBuildFile; fileRef = 3577DFA21CC0BECD004E14C2 /* FFCountableInputView.m */; };
		3577DFA61CC0C526004E14C2 /* FFCountableInputModel.m in Sources */ = {isa = PBXBuildFile; fileRef = 3577DFA51CC0C526004E14C2 /* FFCountableInputModel.m */; };
		3577DFAB1CC0E430004E14C2 /* UIImage+Utils.m in Sources */ = {isa = PBXBuildFile; fileRef = 3577DFAA1CC0E430004E14C2 /* UIImage+Utils.m */; };
		3577DFAF1CC4BAE1004E14C2 /* FFResultDetialCell.m in Sources */ = {isa = PBXBuildFile; fileRef = 3577DFAD1CC4BAE1004E14C2 /* FFResultDetialCell.m */; };
		3577DFB01CC4BAE1004E14C2 /* FFResultDetialCell.xib in Resources */ = {isa = PBXBuildFile; fileRef = 3577DFAE1CC4BAE1004E14C2 /* FFResultDetialCell.xib */; };
		35A5930E1CB24E1B00AD0559 /* FFBaseInputModel.m in Sources */ = {isa = PBXBuildFile; fileRef = 35A5930D1CB24E1B00AD0559 /* FFBaseInputModel.m */; };
		35A593111CB24EB800AD0559 /* FFBaseOutputModel.m in Sources */ = {isa = PBXBuildFile; fileRef = 35A593101CB24EB800AD0559 /* FFBaseOutputModel.m */; };
		35A593141CB24F7800AD0559 /* FFCaculater.m in Sources */ = {isa = PBXBuildFile; fileRef = 35A593131CB24F7800AD0559 /* FFCaculater.m */; };
		35A593181CB25AD800AD0559 /* MBProgressHUD+Addition.m in Sources */ = {isa = PBXBuildFile; fileRef = 35A593171CB25AD800AD0559 /* MBProgressHUD+Addition.m */; };
		35A5931B1CB26BE900AD0559 /* FFCaculateResultDetialViewController.m in Sources */ = {isa = PBXBuildFile; fileRef = 35A5931A1CB26BE900AD0559 /* FFCaculateResultDetialViewController.m */; };
		35A5931E1CB4C5B700AD0559 /* FFTSTInnerViewFactory.m in Sources */ = {isa = PBXBuildFile; fileRef = 35A5931D1CB4C5B700AD0559 /* FFTSTInnerViewFactory.m */; };
		35A593211CB4C5DB00AD0559 /* FFTSTInnerView.m in Sources */ = {isa = PBXBuildFile; fileRef = 35A593201CB4C5DB00AD0559 /* FFTSTInnerView.m */; };
		35BCCB3F1CAE3FBD00A1E9F0 /* main.m in Sources */ = {isa = PBXBuildFile; fileRef = 35BCCB3E1CAE3FBD00A1E9F0 /* main.m */; };
		35BCCB421CAE3FBD00A1E9F0 /* AppDelegate.m in Sources */ = {isa = PBXBuildFile; fileRef = 35BCCB411CAE3FBD00A1E9F0 /* AppDelegate.m */; };
		35BCCB451CAE3FBD00A1E9F0 /* FFMainViewController.m in Sources */ = {isa = PBXBuildFile; fileRef = 35BCCB441CAE3FBD00A1E9F0 /* FFMainViewController.m */; };
		35BCCB481CAE3FBD00A1E9F0 /* Main.storyboard in Resources */ = {isa = PBXBuildFile; fileRef = 35BCCB461CAE3FBD00A1E9F0 /* Main.storyboard */; };
		35BCCB4A1CAE3FBD00A1E9F0 /* Assets.xcassets in Resources */ = {isa = PBXBuildFile; fileRef = 35BCCB491CAE3FBD00A1E9F0 /* Assets.xcassets */; };
		35BCCB4D1CAE3FBD00A1E9F0 /* LaunchScreen.storyboard in Resources */ = {isa = PBXBuildFile; fileRef = 35BCCB4B1CAE3FBD00A1E9F0 /* LaunchScreen.storyboard */; };
		35BCCB581CAE3FBD00A1E9F0 /* FFLawyerToolTests.m in Sources */ = {isa = PBXBuildFile; fileRef = 35BCCB571CAE3FBD00A1E9F0 /* FFLawyerToolTests.m */; };
		35BCCB631CAE3FBD00A1E9F0 /* FFLawyerToolUITests.m in Sources */ = {isa = PBXBuildFile; fileRef = 35BCCB621CAE3FBD00A1E9F0 /* FFLawyerToolUITests.m */; };
		35F313A71CB788E10060861D /* FFLoanInterestRateModel.m in Sources */ = {isa = PBXBuildFile; fileRef = 35F313A61CB788E10060861D /* FFLoanInterestRateModel.m */; };
		35F313AA1CB789C80060861D /* FFLoanInterestRateFactory.m in Sources */ = {isa = PBXBuildFile; fileRef = 35F313A91CB789C80060861D /* FFLoanInterestRateFactory.m */; };
		35F313B21CBC886E0060861D /* HttpClient.m in Sources */ = {isa = PBXBuildFile; fileRef = 35F313B11CBC886E0060861D /* HttpClient.m */; };
		35F313B51CBC9D2A0060861D /* FFOutputPartModel.m in Sources */ = {isa = PBXBuildFile; fileRef = 35F313B41CBC9D2A0060861D /* FFOutputPartModel.m */; };
		35F313B81CBCD7480060861D /* FFDelayPerformanceInputView.m in Sources */ = {isa = PBXBuildFile; fileRef = 35F313B71CBCD7480060861D /* FFDelayPerformanceInputView.m */; };
		35F313BB1CBCDC830060861D /* FFFineInterestInputView.m in Sources */ = {isa = PBXBuildFile; fileRef = 35F313BA1CBCDC830060861D /* FFFineInterestInputView.m */; };
		35F313BE1CBCE61B0060861D /* FFDelayPerformanceInputModel.m in Sources */ = {isa = PBXBuildFile; fileRef = 35F313BD1CBCE61B0060861D /* FFDelayPerformanceInputModel.m */; };
		35F313C11CBCE6B60060861D /* FFFineInterestInputModel.m in Sources */ = {isa = PBXBuildFile; fileRef = 35F313C01CBCE6B60060861D /* FFFineInterestInputModel.m */; };
		8C21C54300372BB2BFF7BD87 /* libPods-FFLawyerTool.a in Frameworks */ = {isa = PBXBuildFile; fileRef = 3CC07742EA440D37FCFE0B56 /* libPods-FFLawyerTool.a */; };
/* End PBXBuildFile section */

/* Begin PBXContainerItemProxy section */
		35BCCB541CAE3FBD00A1E9F0 /* PBXContainerItemProxy */ = {
			isa = PBXContainerItemProxy;
			containerPortal = 35BCCB321CAE3FBD00A1E9F0 /* Project object */;
			proxyType = 1;
			remoteGlobalIDString = 35BCCB391CAE3FBD00A1E9F0;
			remoteInfo = FFLawyerTool;
		};
		35BCCB5F1CAE3FBD00A1E9F0 /* PBXContainerItemProxy */ = {
			isa = PBXContainerItemProxy;
			containerPortal = 35BCCB321CAE3FBD00A1E9F0 /* Project object */;
			proxyType = 1;
			remoteGlobalIDString = 35BCCB391CAE3FBD00A1E9F0;
			remoteInfo = FFLawyerTool;
		};
/* End PBXContainerItemProxy section */

/* Begin PBXFileReference section */
		3577DFA11CC0BECD004E14C2 /* FFCountableInputView.h */ = {isa = PBXFileReference; fileEncoding = 4; lastKnownFileType = sourcecode.c.h; path = FFCountableInputView.h; sourceTree = "<group>"; };
		3577DFA21CC0BECD004E14C2 /* FFCountableInputView.m */ = {isa = PBXFileReference; fileEncoding = 4; lastKnownFileType = sourcecode.c.objc; path = FFCountableInputView.m; sourceTree = "<group>"; };
		3577DFA41CC0C526004E14C2 /* FFCountableInputModel.h */ = {isa = PBXFileReference; fileEncoding = 4; lastKnownFileType = sourcecode.c.h; path = FFCountableInputModel.h; sourceTree = "<group>"; };
		3577DFA51CC0C526004E14C2 /* FFCountableInputModel.m */ = {isa = PBXFileReference; fileEncoding = 4; lastKnownFileType = sourcecode.c.objc; path = FFCountableInputModel.m; sourceTree = "<group>"; };
		3577DFA81CC0E24E004E14C2 /* FFGlobalMacro.h */ = {isa = PBXFileReference; lastKnownFileType = sourcecode.c.h; path = FFGlobalMacro.h; sourceTree = "<group>"; };
		3577DFA91CC0E430004E14C2 /* UIImage+Utils.h */ = {isa = PBXFileReference; fileEncoding = 4; lastKnownFileType = sourcecode.c.h; path = "UIImage+Utils.h"; sourceTree = "<group>"; };
		3577DFAA1CC0E430004E14C2 /* UIImage+Utils.m */ = {isa = PBXFileReference; fileEncoding = 4; lastKnownFileType = sourcecode.c.objc; path = "UIImage+Utils.m"; sourceTree = "<group>"; };
		3577DFAC1CC4BAE1004E14C2 /* FFResultDetialCell.h */ = {isa = PBXFileReference; fileEncoding = 4; lastKnownFileType = sourcecode.c.h; path = FFResultDetialCell.h; sourceTree = "<group>"; };
		3577DFAD1CC4BAE1004E14C2 /* FFResultDetialCell.m */ = {isa = PBXFileReference; fileEncoding = 4; lastKnownFileType = sourcecode.c.objc; path = FFResultDetialCell.m; sourceTree = "<group>"; };
		3577DFAE1CC4BAE1004E14C2 /* FFResultDetialCell.xib */ = {isa = PBXFileReference; fileEncoding = 4; lastKnownFileType = file.xib; path = FFResultDetialCell.xib; sourceTree = "<group>"; };
		35A5930C1CB24E1B00AD0559 /* FFBaseInputModel.h */ = {isa = PBXFileReference; fileEncoding = 4; lastKnownFileType = sourcecode.c.h; path = FFBaseInputModel.h; sourceTree = "<group>"; };
		35A5930D1CB24E1B00AD0559 /* FFBaseInputModel.m */ = {isa = PBXFileReference; fileEncoding = 4; lastKnownFileType = sourcecode.c.objc; path = FFBaseInputModel.m; sourceTree = "<group>"; };
		35A5930F1CB24EB800AD0559 /* FFBaseOutputModel.h */ = {isa = PBXFileReference; fileEncoding = 4; lastKnownFileType = sourcecode.c.h; path = FFBaseOutputModel.h; sourceTree = "<group>"; };
		35A593101CB24EB800AD0559 /* FFBaseOutputModel.m */ = {isa = PBXFileReference; fileEncoding = 4; lastKnownFileType = sourcecode.c.objc; path = FFBaseOutputModel.m; sourceTree = "<group>"; };
		35A593121CB24F7800AD0559 /* FFCaculater.h */ = {isa = PBXFileReference; fileEncoding = 4; lastKnownFileType = sourcecode.c.h; path = FFCaculater.h; sourceTree = "<group>"; };
		35A593131CB24F7800AD0559 /* FFCaculater.m */ = {isa = PBXFileReference; fileEncoding = 4; lastKnownFileType = sourcecode.c.objc; path = FFCaculater.m; sourceTree = "<group>"; };
		35A593161CB25AD800AD0559 /* MBProgressHUD+Addition.h */ = {isa = PBXFileReference; fileEncoding = 4; lastKnownFileType = sourcecode.c.h; path = "MBProgressHUD+Addition.h"; sourceTree = "<group>"; };
		35A593171CB25AD800AD0559 /* MBProgressHUD+Addition.m */ = {isa = PBXFileReference; fileEncoding = 4; lastKnownFileType = sourcecode.c.objc; path = "MBProgressHUD+Addition.m"; sourceTree = "<group>"; };
		35A593191CB26BE900AD0559 /* FFCaculateResultDetialViewController.h */ = {isa = PBXFileReference; fileEncoding = 4; lastKnownFileType = sourcecode.c.h; path = FFCaculateResultDetialViewController.h; sourceTree = "<group>"; };
		35A5931A1CB26BE900AD0559 /* FFCaculateResultDetialViewController.m */ = {isa = PBXFileReference; fileEncoding = 4; lastKnownFileType = sourcecode.c.objc; path = FFCaculateResultDetialViewController.m; sourceTree = "<group>"; };
		35A5931C1CB4C5B700AD0559 /* FFTSTInnerViewFactory.h */ = {isa = PBXFileReference; fileEncoding = 4; lastKnownFileType = sourcecode.c.h; path = FFTSTInnerViewFactory.h; sourceTree = "<group>"; };
		35A5931D1CB4C5B700AD0559 /* FFTSTInnerViewFactory.m */ = {isa = PBXFileReference; fileEncoding = 4; lastKnownFileType = sourcecode.c.objc; path = FFTSTInnerViewFactory.m; sourceTree = "<group>"; };
		35A5931F1CB4C5DB00AD0559 /* FFTSTInnerView.h */ = {isa = PBXFileReference; fileEncoding = 4; lastKnownFileType = sourcecode.c.h; path = FFTSTInnerView.h; sourceTree = "<group>"; };
		35A593201CB4C5DB00AD0559 /* FFTSTInnerView.m */ = {isa = PBXFileReference; fileEncoding = 4; lastKnownFileType = sourcecode.c.objc; path = FFTSTInnerView.m; sourceTree = "<group>"; };
		35BCCB3A1CAE3FBD00A1E9F0 /* FFLawyerTool.app */ = {isa = PBXFileReference; explicitFileType = wrapper.application; includeInIndex = 0; path = FFLawyerTool.app; sourceTree = BUILT_PRODUCTS_DIR; };
		35BCCB3E1CAE3FBD00A1E9F0 /* main.m */ = {isa = PBXFileReference; lastKnownFileType = sourcecode.c.objc; path = main.m; sourceTree = "<group>"; };
		35BCCB401CAE3FBD00A1E9F0 /* AppDelegate.h */ = {isa = PBXFileReference; lastKnownFileType = sourcecode.c.h; path = AppDelegate.h; sourceTree = "<group>"; };
		35BCCB411CAE3FBD00A1E9F0 /* AppDelegate.m */ = {isa = PBXFileReference; lastKnownFileType = sourcecode.c.objc; path = AppDelegate.m; sourceTree = "<group>"; };
		35BCCB431CAE3FBD00A1E9F0 /* FFMainViewController.h */ = {isa = PBXFileReference; lastKnownFileType = sourcecode.c.h; path = FFMainViewController.h; sourceTree = "<group>"; };
		35BCCB441CAE3FBD00A1E9F0 /* FFMainViewController.m */ = {isa = PBXFileReference; lastKnownFileType = sourcecode.c.objc; path = FFMainViewController.m; sourceTree = "<group>"; };
		35BCCB471CAE3FBD00A1E9F0 /* Base */ = {isa = PBXFileReference; lastKnownFileType = file.storyboard; name = Base; path = Base.lproj/Main.storyboard; sourceTree = "<group>"; };
		35BCCB491CAE3FBD00A1E9F0 /* Assets.xcassets */ = {isa = PBXFileReference; lastKnownFileType = folder.assetcatalog; path = Assets.xcassets; sourceTree = "<group>"; };
		35BCCB4C1CAE3FBD00A1E9F0 /* Base */ = {isa = PBXFileReference; lastKnownFileType = file.storyboard; name = Base; path = Base.lproj/LaunchScreen.storyboard; sourceTree = "<group>"; };
		35BCCB4E1CAE3FBD00A1E9F0 /* Info.plist */ = {isa = PBXFileReference; lastKnownFileType = text.plist.xml; path = Info.plist; sourceTree = "<group>"; };
		35BCCB531CAE3FBD00A1E9F0 /* FFLawyerToolTests.xctest */ = {isa = PBXFileReference; explicitFileType = wrapper.cfbundle; includeInIndex = 0; path = FFLawyerToolTests.xctest; sourceTree = BUILT_PRODUCTS_DIR; };
		35BCCB571CAE3FBD00A1E9F0 /* FFLawyerToolTests.m */ = {isa = PBXFileReference; lastKnownFileType = sourcecode.c.objc; path = FFLawyerToolTests.m; sourceTree = "<group>"; };
		35BCCB591CAE3FBD00A1E9F0 /* Info.plist */ = {isa = PBXFileReference; lastKnownFileType = text.plist.xml; path = Info.plist; sourceTree = "<group>"; };
		35BCCB5E1CAE3FBD00A1E9F0 /* FFLawyerToolUITests.xctest */ = {isa = PBXFileReference; explicitFileType = wrapper.cfbundle; includeInIndex = 0; path = FFLawyerToolUITests.xctest; sourceTree = BUILT_PRODUCTS_DIR; };
		35BCCB621CAE3FBD00A1E9F0 /* FFLawyerToolUITests.m */ = {isa = PBXFileReference; lastKnownFileType = sourcecode.c.objc; path = FFLawyerToolUITests.m; sourceTree = "<group>"; };
		35BCCB641CAE3FBD00A1E9F0 /* Info.plist */ = {isa = PBXFileReference; lastKnownFileType = text.plist.xml; path = Info.plist; sourceTree = "<group>"; };
		35F313A51CB788E10060861D /* FFLoanInterestRateModel.h */ = {isa = PBXFileReference; fileEncoding = 4; lastKnownFileType = sourcecode.c.h; path = FFLoanInterestRateModel.h; sourceTree = "<group>"; };
		35F313A61CB788E10060861D /* FFLoanInterestRateModel.m */ = {isa = PBXFileReference; fileEncoding = 4; lastKnownFileType = sourcecode.c.objc; path = FFLoanInterestRateModel.m; sourceTree = "<group>"; };
		35F313A81CB789C80060861D /* FFLoanInterestRateFactory.h */ = {isa = PBXFileReference; fileEncoding = 4; lastKnownFileType = sourcecode.c.h; path = FFLoanInterestRateFactory.h; sourceTree = "<group>"; };
		35F313A91CB789C80060861D /* FFLoanInterestRateFactory.m */ = {isa = PBXFileReference; fileEncoding = 4; lastKnownFileType = sourcecode.c.objc; path = FFLoanInterestRateFactory.m; sourceTree = "<group>"; };
		35F313B01CBC886E0060861D /* HttpClient.h */ = {isa = PBXFileReference; fileEncoding = 4; lastKnownFileType = sourcecode.c.h; path = HttpClient.h; sourceTree = "<group>"; };
		35F313B11CBC886E0060861D /* HttpClient.m */ = {isa = PBXFileReference; fileEncoding = 4; lastKnownFileType = sourcecode.c.objc; path = HttpClient.m; sourceTree = "<group>"; };
		35F313B31CBC9D2A0060861D /* FFOutputPartModel.h */ = {isa = PBXFileReference; fileEncoding = 4; lastKnownFileType = sourcecode.c.h; path = FFOutputPartModel.h; sourceTree = "<group>"; };
		35F313B41CBC9D2A0060861D /* FFOutputPartModel.m */ = {isa = PBXFileReference; fileEncoding = 4; lastKnownFileType = sourcecode.c.objc; path = FFOutputPartModel.m; sourceTree = "<group>"; };
		35F313B61CBCD7480060861D /* FFDelayPerformanceInputView.h */ = {isa = PBXFileReference; fileEncoding = 4; lastKnownFileType = sourcecode.c.h; path = FFDelayPerformanceInputView.h; sourceTree = "<group>"; };
		35F313B71CBCD7480060861D /* FFDelayPerformanceInputView.m */ = {isa = PBXFileReference; fileEncoding = 4; lastKnownFileType = sourcecode.c.objc; path = FFDelayPerformanceInputView.m; sourceTree = "<group>"; };
		35F313B91CBCDC830060861D /* FFFineInterestInputView.h */ = {isa = PBXFileReference; fileEncoding = 4; lastKnownFileType = sourcecode.c.h; path = FFFineInterestInputView.h; sourceTree = "<group>"; };
		35F313BA1CBCDC830060861D /* FFFineInterestInputView.m */ = {isa = PBXFileReference; fileEncoding = 4; lastKnownFileType = sourcecode.c.objc; path = FFFineInterestInputView.m; sourceTree = "<group>"; };
		35F313BC1CBCE61B0060861D /* FFDelayPerformanceInputModel.h */ = {isa = PBXFileReference; fileEncoding = 4; lastKnownFileType = sourcecode.c.h; path = FFDelayPerformanceInputModel.h; sourceTree = "<group>"; };
		35F313BD1CBCE61B0060861D /* FFDelayPerformanceInputModel.m */ = {isa = PBXFileReference; fileEncoding = 4; lastKnownFileType = sourcecode.c.objc; path = FFDelayPerformanceInputModel.m; sourceTree = "<group>"; };
		35F313BF1CBCE6B60060861D /* FFFineInterestInputModel.h */ = {isa = PBXFileReference; fileEncoding = 4; lastKnownFileType = sourcecode.c.h; path = FFFineInterestInputModel.h; sourceTree = "<group>"; };
		35F313C01CBCE6B60060861D /* FFFineInterestInputModel.m */ = {isa = PBXFileReference; fileEncoding = 4; lastKnownFileType = sourcecode.c.objc; path = FFFineInterestInputModel.m; sourceTree = "<group>"; };
		3CC07742EA440D37FCFE0B56 /* libPods-FFLawyerTool.a */ = {isa = PBXFileReference; explicitFileType = archive.ar; includeInIndex = 0; path = "libPods-FFLawyerTool.a"; sourceTree = BUILT_PRODUCTS_DIR; };
		7B6062D2BEAC93D0798324F8 /* Pods-FFLawyerTool.release.xcconfig */ = {isa = PBXFileReference; includeInIndex = 1; lastKnownFileType = text.xcconfig; name = "Pods-FFLawyerTool.release.xcconfig"; path = "Pods/Target Support Files/Pods-FFLawyerTool/Pods-FFLawyerTool.release.xcconfig"; sourceTree = "<group>"; };
		90B0763604B29D64FC19A058 /* Pods-FFLawyerTool.debug.xcconfig */ = {isa = PBXFileReference; includeInIndex = 1; lastKnownFileType = text.xcconfig; name = "Pods-FFLawyerTool.debug.xcconfig"; path = "Pods/Target Support Files/Pods-FFLawyerTool/Pods-FFLawyerTool.debug.xcconfig"; sourceTree = "<group>"; };
/* End PBXFileReference section */

/* Begin PBXFrameworksBuildPhase section */
		35BCCB371CAE3FBD00A1E9F0 /* Frameworks */ = {
			isa = PBXFrameworksBuildPhase;
			buildActionMask = 2147483647;
			files = (
				8C21C54300372BB2BFF7BD87 /* libPods-FFLawyerTool.a in Frameworks */,
			);
			runOnlyForDeploymentPostprocessing = 0;
		};
		35BCCB501CAE3FBD00A1E9F0 /* Frameworks */ = {
			isa = PBXFrameworksBuildPhase;
			buildActionMask = 2147483647;
			files = (
			);
			runOnlyForDeploymentPostprocessing = 0;
		};
		35BCCB5B1CAE3FBD00A1E9F0 /* Frameworks */ = {
			isa = PBXFrameworksBuildPhase;
			buildActionMask = 2147483647;
			files = (
			);
			runOnlyForDeploymentPostprocessing = 0;
		};
/* End PBXFrameworksBuildPhase section */

/* Begin PBXGroup section */
		3577DFA71CC0E227004E14C2 /* Macros */ = {
			isa = PBXGroup;
			children = (
				3577DFA81CC0E24E004E14C2 /* FFGlobalMacro.h */,
			);
			name = Macros;
			sourceTree = "<group>";
		};
		35A593151CB25AA800AD0559 /* Categories */ = {
			isa = PBXGroup;
			children = (
				3577DFA91CC0E430004E14C2 /* UIImage+Utils.h */,
				3577DFAA1CC0E430004E14C2 /* UIImage+Utils.m */,
				35A593161CB25AD800AD0559 /* MBProgressHUD+Addition.h */,
				35A593171CB25AD800AD0559 /* MBProgressHUD+Addition.m */,
			);
			name = Categories;
			sourceTree = "<group>";
		};
		35BCCB311CAE3FBD00A1E9F0 = {
			isa = PBXGroup;
			children = (
				35BCCB3C1CAE3FBD00A1E9F0 /* FFLawyerTool */,
				35BCCB561CAE3FBD00A1E9F0 /* FFLawyerToolTests */,
				35BCCB611CAE3FBD00A1E9F0 /* FFLawyerToolUITests */,
				35BCCB3B1CAE3FBD00A1E9F0 /* Products */,
				39F492F6E9E2C828B342473F /* Pods */,
				C8727A0F7F19C8C400C84305 /* Frameworks */,
			);
			sourceTree = "<group>";
		};
		35BCCB3B1CAE3FBD00A1E9F0 /* Products */ = {
			isa = PBXGroup;
			children = (
				35BCCB3A1CAE3FBD00A1E9F0 /* FFLawyerTool.app */,
				35BCCB531CAE3FBD00A1E9F0 /* FFLawyerToolTests.xctest */,
				35BCCB5E1CAE3FBD00A1E9F0 /* FFLawyerToolUITests.xctest */,
			);
			name = Products;
			sourceTree = "<group>";
		};
		35BCCB3C1CAE3FBD00A1E9F0 /* FFLawyerTool */ = {
			isa = PBXGroup;
			children = (
				35F313AB1CBC87AD0060861D /* Facility */,
				35A593151CB25AA800AD0559 /* Categories */,
				35BCCB721CAE3FE300A1E9F0 /* Controller */,
				35BCCB711CAE3FDB00A1E9F0 /* Model */,
				35BCCB701CAE3FD400A1E9F0 /* View */,
				35BCCB401CAE3FBD00A1E9F0 /* AppDelegate.h */,
				35BCCB411CAE3FBD00A1E9F0 /* AppDelegate.m */,
				35BCCB461CAE3FBD00A1E9F0 /* Main.storyboard */,
				35BCCB491CAE3FBD00A1E9F0 /* Assets.xcassets */,
				35BCCB4B1CAE3FBD00A1E9F0 /* LaunchScreen.storyboard */,
				35BCCB4E1CAE3FBD00A1E9F0 /* Info.plist */,
				35BCCB3D1CAE3FBD00A1E9F0 /* Supporting Files */,
			);
			path = FFLawyerTool;
			sourceTree = "<group>";
		};
		35BCCB3D1CAE3FBD00A1E9F0 /* Supporting Files */ = {
			isa = PBXGroup;
			children = (
				35BCCB3E1CAE3FBD00A1E9F0 /* main.m */,
			);
			name = "Supporting Files";
			sourceTree = "<group>";
		};
		35BCCB561CAE3FBD00A1E9F0 /* FFLawyerToolTests */ = {
			isa = PBXGroup;
			children = (
				35BCCB571CAE3FBD00A1E9F0 /* FFLawyerToolTests.m */,
				35BCCB591CAE3FBD00A1E9F0 /* Info.plist */,
			);
			path = FFLawyerToolTests;
			sourceTree = "<group>";
		};
		35BCCB611CAE3FBD00A1E9F0 /* FFLawyerToolUITests */ = {
			isa = PBXGroup;
			children = (
				35BCCB621CAE3FBD00A1E9F0 /* FFLawyerToolUITests.m */,
				35BCCB641CAE3FBD00A1E9F0 /* Info.plist */,
			);
			path = FFLawyerToolUITests;
			sourceTree = "<group>";
		};
		35BCCB701CAE3FD400A1E9F0 /* View */ = {
			isa = PBXGroup;
			children = (
				35A5931C1CB4C5B700AD0559 /* FFTSTInnerViewFactory.h */,
				35A5931D1CB4C5B700AD0559 /* FFTSTInnerViewFactory.m */,
				35A5931F1CB4C5DB00AD0559 /* FFTSTInnerView.h */,
				35A593201CB4C5DB00AD0559 /* FFTSTInnerView.m */,
				35F313B61CBCD7480060861D /* FFDelayPerformanceInputView.h */,
				35F313B71CBCD7480060861D /* FFDelayPerformanceInputView.m */,
				35F313B91CBCDC830060861D /* FFFineInterestInputView.h */,
				35F313BA1CBCDC830060861D /* FFFineInterestInputView.m */,
				3577DFA11CC0BECD004E14C2 /* FFCountableInputView.h */,
				3577DFA21CC0BECD004E14C2 /* FFCountableInputView.m */,
				3577DFAC1CC4BAE1004E14C2 /* FFResultDetialCell.h */,
				3577DFAD1CC4BAE1004E14C2 /* FFResultDetialCell.m */,
				3577DFAE1CC4BAE1004E14C2 /* FFResultDetialCell.xib */,
			);
			name = View;
			sourceTree = "<group>";
		};
		35BCCB711CAE3FDB00A1E9F0 /* Model */ = {
			isa = PBXGroup;
			children = (
				35A5930C1CB24E1B00AD0559 /* FFBaseInputModel.h */,
				35A5930D1CB24E1B00AD0559 /* FFBaseInputModel.m */,
				35A5930F1CB24EB800AD0559 /* FFBaseOutputModel.h */,
				35A593101CB24EB800AD0559 /* FFBaseOutputModel.m */,
				35A593121CB24F7800AD0559 /* FFCaculater.h */,
				35A593131CB24F7800AD0559 /* FFCaculater.m */,
				35F313A51CB788E10060861D /* FFLoanInterestRateModel.h */,
				35F313A61CB788E10060861D /* FFLoanInterestRateModel.m */,
				35F313A81CB789C80060861D /* FFLoanInterestRateFactory.h */,
				35F313A91CB789C80060861D /* FFLoanInterestRateFactory.m */,
				35F313B31CBC9D2A0060861D /* FFOutputPartModel.h */,
				35F313B41CBC9D2A0060861D /* FFOutputPartModel.m */,
				35F313BC1CBCE61B0060861D /* FFDelayPerformanceInputModel.h */,
				35F313BD1CBCE61B0060861D /* FFDelayPerformanceInputModel.m */,
				35F313BF1CBCE6B60060861D /* FFFineInterestInputModel.h */,
				35F313C01CBCE6B60060861D /* FFFineInterestInputModel.m */,
				3577DFA41CC0C526004E14C2 /* FFCountableInputModel.h */,
				3577DFA51CC0C526004E14C2 /* FFCountableInputModel.m */,
			);
			name = Model;
			sourceTree = "<group>";
		};
		35BCCB721CAE3FE300A1E9F0 /* Controller */ = {
			isa = PBXGroup;
			children = (
				35BCCB431CAE3FBD00A1E9F0 /* FFMainViewController.h */,
				35BCCB441CAE3FBD00A1E9F0 /* FFMainViewController.m */,
				35A593191CB26BE900AD0559 /* FFCaculateResultDetialViewController.h */,
				35A5931A1CB26BE900AD0559 /* FFCaculateResultDetialViewController.m */,
			);
			name = Controller;
			sourceTree = "<group>";
		};
		35F313AB1CBC87AD0060861D /* Facility */ = {
			isa = PBXGroup;
			children = (
				3577DFA71CC0E227004E14C2 /* Macros */,
				35F313AC1CBC87BD0060861D /* Network */,
			);
			name = Facility;
			sourceTree = "<group>";
		};
		35F313AC1CBC87BD0060861D /* Network */ = {
			isa = PBXGroup;
			children = (
				35F313B01CBC886E0060861D /* HttpClient.h */,
				35F313B11CBC886E0060861D /* HttpClient.m */,
			);
			name = Network;
			sourceTree = "<group>";
		};
		39F492F6E9E2C828B342473F /* Pods */ = {
			isa = PBXGroup;
			children = (
				90B0763604B29D64FC19A058 /* Pods-FFLawyerTool.debug.xcconfig */,
				7B6062D2BEAC93D0798324F8 /* Pods-FFLawyerTool.release.xcconfig */,
			);
			name = Pods;
			sourceTree = "<group>";
		};
		C8727A0F7F19C8C400C84305 /* Frameworks */ = {
			isa = PBXGroup;
			children = (
				3CC07742EA440D37FCFE0B56 /* libPods-FFLawyerTool.a */,
			);
			name = Frameworks;
			sourceTree = "<group>";
		};
/* End PBXGroup section */

/* Begin PBXNativeTarget section */
		35BCCB391CAE3FBD00A1E9F0 /* FFLawyerTool */ = {
			isa = PBXNativeTarget;
			buildConfigurationList = 35BCCB671CAE3FBD00A1E9F0 /* Build configuration list for PBXNativeTarget "FFLawyerTool" */;
			buildPhases = (
				A3DE3FF391AFDDC34B630E86 /* Check Pods Manifest.lock */,
				35BCCB361CAE3FBD00A1E9F0 /* Sources */,
				35BCCB371CAE3FBD00A1E9F0 /* Frameworks */,
				35BCCB381CAE3FBD00A1E9F0 /* Resources */,
				02DC1E75BF0DC612DEBEE119 /* Embed Pods Frameworks */,
				69C182D3413F12E6030C8804 /* Copy Pods Resources */,
			);
			buildRules = (
			);
			dependencies = (
			);
			name = FFLawyerTool;
			productName = FFLawyerTool;
			productReference = 35BCCB3A1CAE3FBD00A1E9F0 /* FFLawyerTool.app */;
			productType = "com.apple.product-type.application";
		};
		35BCCB521CAE3FBD00A1E9F0 /* FFLawyerToolTests */ = {
			isa = PBXNativeTarget;
			buildConfigurationList = 35BCCB6A1CAE3FBD00A1E9F0 /* Build configuration list for PBXNativeTarget "FFLawyerToolTests" */;
			buildPhases = (
				35BCCB4F1CAE3FBD00A1E9F0 /* Sources */,
				35BCCB501CAE3FBD00A1E9F0 /* Frameworks */,
				35BCCB511CAE3FBD00A1E9F0 /* Resources */,
			);
			buildRules = (
			);
			dependencies = (
				35BCCB551CAE3FBD00A1E9F0 /* PBXTargetDependency */,
			);
			name = FFLawyerToolTests;
			productName = FFLawyerToolTests;
			productReference = 35BCCB531CAE3FBD00A1E9F0 /* FFLawyerToolTests.xctest */;
			productType = "com.apple.product-type.bundle.unit-test";
		};
		35BCCB5D1CAE3FBD00A1E9F0 /* FFLawyerToolUITests */ = {
			isa = PBXNativeTarget;
			buildConfigurationList = 35BCCB6D1CAE3FBD00A1E9F0 /* Build configuration list for PBXNativeTarget "FFLawyerToolUITests" */;
			buildPhases = (
				35BCCB5A1CAE3FBD00A1E9F0 /* Sources */,
				35BCCB5B1CAE3FBD00A1E9F0 /* Frameworks */,
				35BCCB5C1CAE3FBD00A1E9F0 /* Resources */,
			);
			buildRules = (
			);
			dependencies = (
				35BCCB601CAE3FBD00A1E9F0 /* PBXTargetDependency */,
			);
			name = FFLawyerToolUITests;
			productName = FFLawyerToolUITests;
			productReference = 35BCCB5E1CAE3FBD00A1E9F0 /* FFLawyerToolUITests.xctest */;
			productType = "com.apple.product-type.bundle.ui-testing";
		};
/* End PBXNativeTarget section */

/* Begin PBXProject section */
		35BCCB321CAE3FBD00A1E9F0 /* Project object */ = {
			isa = PBXProject;
			attributes = {
				LastUpgradeCheck = 0720;
				ORGANIZATIONNAME = "fanly frank";
				TargetAttributes = {
					35BCCB391CAE3FBD00A1E9F0 = {
						CreatedOnToolsVersion = 7.2.1;
						DevelopmentTeam = QHR7PY72F4;
					};
					35BCCB521CAE3FBD00A1E9F0 = {
						CreatedOnToolsVersion = 7.2.1;
						TestTargetID = 35BCCB391CAE3FBD00A1E9F0;
					};
					35BCCB5D1CAE3FBD00A1E9F0 = {
						CreatedOnToolsVersion = 7.2.1;
						TestTargetID = 35BCCB391CAE3FBD00A1E9F0;
					};
				};
			};
			buildConfigurationList = 35BCCB351CAE3FBD00A1E9F0 /* Build configuration list for PBXProject "FFLawyerTool" */;
			compatibilityVersion = "Xcode 3.2";
			developmentRegion = English;
			hasScannedForEncodings = 0;
			knownRegions = (
				en,
				Base,
			);
			mainGroup = 35BCCB311CAE3FBD00A1E9F0;
			productRefGroup = 35BCCB3B1CAE3FBD00A1E9F0 /* Products */;
			projectDirPath = "";
			projectRoot = "";
			targets = (
				35BCCB391CAE3FBD00A1E9F0 /* FFLawyerTool */,
				35BCCB521CAE3FBD00A1E9F0 /* FFLawyerToolTests */,
				35BCCB5D1CAE3FBD00A1E9F0 /* FFLawyerToolUITests */,
			);
		};
/* End PBXProject section */

/* Begin PBXResourcesBuildPhase section */
		35BCCB381CAE3FBD00A1E9F0 /* Resources */ = {
			isa = PBXResourcesBuildPhase;
			buildActionMask = 2147483647;
			files = (
				35BCCB4D1CAE3FBD00A1E9F0 /* LaunchScreen.storyboard in Resources */,
				3577DFB01CC4BAE1004E14C2 /* FFResultDetialCell.xib in Resources */,
				35BCCB4A1CAE3FBD00A1E9F0 /* Assets.xcassets in Resources */,
				35BCCB481CAE3FBD00A1E9F0 /* Main.storyboard in Resources */,
			);
			runOnlyForDeploymentPostprocessing = 0;
		};
		35BCCB511CAE3FBD00A1E9F0 /* Resources */ = {
			isa = PBXResourcesBuildPhase;
			buildActionMask = 2147483647;
			files = (
			);
			runOnlyForDeploymentPostprocessing = 0;
		};
		35BCCB5C1CAE3FBD00A1E9F0 /* Resources */ = {
			isa = PBXResourcesBuildPhase;
			buildActionMask = 2147483647;
			files = (
			);
			runOnlyForDeploymentPostprocessing = 0;
		};
/* End PBXResourcesBuildPhase section */

/* Begin PBXShellScriptBuildPhase section */
		02DC1E75BF0DC612DEBEE119 /* Embed Pods Frameworks */ = {
			isa = PBXShellScriptBuildPhase;
			buildActionMask = 2147483647;
			files = (
			);
			inputPaths = (
			);
			name = "Embed Pods Frameworks";
			outputPaths = (
			);
			runOnlyForDeploymentPostprocessing = 0;
			shellPath = /bin/sh;
			shellScript = "\"${SRCROOT}/Pods/Target Support Files/Pods-FFLawyerTool/Pods-FFLawyerTool-frameworks.sh\"\n";
			showEnvVarsInLog = 0;
		};
		69C182D3413F12E6030C8804 /* Copy Pods Resources */ = {
			isa = PBXShellScriptBuildPhase;
			buildActionMask = 2147483647;
			files = (
			);
			inputPaths = (
			);
			name = "Copy Pods Resources";
			outputPaths = (
			);
			runOnlyForDeploymentPostprocessing = 0;
			shellPath = /bin/sh;
			shellScript = "\"${SRCROOT}/Pods/Target Support Files/Pods-FFLawyerTool/Pods-FFLawyerTool-resources.sh\"\n";
			showEnvVarsInLog = 0;
		};
		A3DE3FF391AFDDC34B630E86 /* Check Pods Manifest.lock */ = {
			isa = PBXShellScriptBuildPhase;
			buildActionMask = 2147483647;
			files = (
			);
			inputPaths = (
			);
			name = "Check Pods Manifest.lock";
			outputPaths = (
			);
			runOnlyForDeploymentPostprocessing = 0;
			shellPath = /bin/sh;
			shellScript = "diff \"${PODS_ROOT}/../Podfile.lock\" \"${PODS_ROOT}/Manifest.lock\" > /dev/null\nif [[ $? != 0 ]] ; then\n    cat << EOM\nerror: The sandbox is not in sync with the Podfile.lock. Run 'pod install' or update your CocoaPods installation.\nEOM\n    exit 1\nfi\n";
			showEnvVarsInLog = 0;
		};
/* End PBXShellScriptBuildPhase section */

/* Begin PBXSourcesBuildPhase section */
		35BCCB361CAE3FBD00A1E9F0 /* Sources */ = {
			isa = PBXSourcesBuildPhase;
			buildActionMask = 2147483647;
			files = (
				35A5931B1CB26BE900AD0559 /* FFCaculateResultDetialViewController.m in Sources */,
				35F313A71CB788E10060861D /* FFLoanInterestRateModel.m in Sources */,
				35F313BE1CBCE61B0060861D /* FFDelayPerformanceInputModel.m in Sources */,
				3577DFAB1CC0E430004E14C2 /* UIImage+Utils.m in Sources */,
				35BCCB451CAE3FBD00A1E9F0 /* FFMainViewController.m in Sources */,
				35A5931E1CB4C5B700AD0559 /* FFTSTInnerViewFactory.m in Sources */,
				35A593211CB4C5DB00AD0559 /* FFTSTInnerView.m in Sources */,
				35BCCB421CAE3FBD00A1E9F0 /* AppDelegate.m in Sources */,
				35A593111CB24EB800AD0559 /* FFBaseOutputModel.m in Sources */,
				3577DFA61CC0C526004E14C2 /* FFCountableInputModel.m in Sources */,
				35F313B51CBC9D2A0060861D /* FFOutputPartModel.m in Sources */,
				35F313B81CBCD7480060861D /* FFDelayPerformanceInputView.m in Sources */,
				35F313C11CBCE6B60060861D /* FFFineInterestInputModel.m in Sources */,
				35BCCB3F1CAE3FBD00A1E9F0 /* main.m in Sources */,
				3577DFA31CC0BECD004E14C2 /* FFCountableInputView.m in Sources */,
				3577DFAF1CC4BAE1004E14C2 /* FFResultDetialCell.m in Sources */,
				35A593181CB25AD800AD0559 /* MBProgressHUD+Addition.m in Sources */,
				35F313BB1CBCDC830060861D /* FFFineInterestInputView.m in Sources */,
				35A593141CB24F7800AD0559 /* FFCaculater.m in Sources */,
				35F313AA1CB789C80060861D /* FFLoanInterestRateFactory.m in Sources */,
				35F313B21CBC886E0060861D /* HttpClient.m in Sources */,
				35A5930E1CB24E1B00AD0559 /* FFBaseInputModel.m in Sources */,
			);
			runOnlyForDeploymentPostprocessing = 0;
		};
		35BCCB4F1CAE3FBD00A1E9F0 /* Sources */ = {
			isa = PBXSourcesBuildPhase;
			buildActionMask = 2147483647;
			files = (
				35BCCB581CAE3FBD00A1E9F0 /* FFLawyerToolTests.m in Sources */,
			);
			runOnlyForDeploymentPostprocessing = 0;
		};
		35BCCB5A1CAE3FBD00A1E9F0 /* Sources */ = {
			isa = PBXSourcesBuildPhase;
			buildActionMask = 2147483647;
			files = (
				35BCCB631CAE3FBD00A1E9F0 /* FFLawyerToolUITests.m in Sources */,
			);
			runOnlyForDeploymentPostprocessing = 0;
		};
/* End PBXSourcesBuildPhase section */

/* Begin PBXTargetDependency section */
		35BCCB551CAE3FBD00A1E9F0 /* PBXTargetDependency */ = {
			isa = PBXTargetDependency;
			target = 35BCCB391CAE3FBD00A1E9F0 /* FFLawyerTool */;
			targetProxy = 35BCCB541CAE3FBD00A1E9F0 /* PBXContainerItemProxy */;
		};
		35BCCB601CAE3FBD00A1E9F0 /* PBXTargetDependency */ = {
			isa = PBXTargetDependency;
			target = 35BCCB391CAE3FBD00A1E9F0 /* FFLawyerTool */;
			targetProxy = 35BCCB5F1CAE3FBD00A1E9F0 /* PBXContainerItemProxy */;
		};
/* End PBXTargetDependency section */

/* Begin PBXVariantGroup section */
		35BCCB461CAE3FBD00A1E9F0 /* Main.storyboard */ = {
			isa = PBXVariantGroup;
			children = (
				35BCCB471CAE3FBD00A1E9F0 /* Base */,
			);
			name = Main.storyboard;
			sourceTree = "<group>";
		};
		35BCCB4B1CAE3FBD00A1E9F0 /* LaunchScreen.storyboard */ = {
			isa = PBXVariantGroup;
			children = (
				35BCCB4C1CAE3FBD00A1E9F0 /* Base */,
			);
			name = LaunchScreen.storyboard;
			sourceTree = "<group>";
		};
/* End PBXVariantGroup section */

/* Begin XCBuildConfiguration section */
		35BCCB651CAE3FBD00A1E9F0 /* Debug */ = {
			isa = XCBuildConfiguration;
			buildSettings = {
				ALWAYS_SEARCH_USER_PATHS = NO;
				CLANG_CXX_LANGUAGE_STANDARD = "gnu++0x";
				CLANG_CXX_LIBRARY = "libc++";
				CLANG_ENABLE_MODULES = YES;
				CLANG_ENABLE_OBJC_ARC = YES;
				CLANG_WARN_BOOL_CONVERSION = YES;
				CLANG_WARN_CONSTANT_CONVERSION = YES;
				CLANG_WARN_DIRECT_OBJC_ISA_USAGE = YES_ERROR;
				CLANG_WARN_EMPTY_BODY = YES;
				CLANG_WARN_ENUM_CONVERSION = YES;
				CLANG_WARN_INT_CONVERSION = YES;
				CLANG_WARN_OBJC_ROOT_CLASS = YES_ERROR;
				CLANG_WARN_UNREACHABLE_CODE = YES;
				CLANG_WARN__DUPLICATE_METHOD_MATCH = YES;
				"CODE_SIGN_IDENTITY[sdk=iphoneos*]" = "iPhone Developer";
				COPY_PHASE_STRIP = NO;
				DEBUG_INFORMATION_FORMAT = dwarf;
				ENABLE_STRICT_OBJC_MSGSEND = YES;
				ENABLE_TESTABILITY = YES;
				GCC_C_LANGUAGE_STANDARD = gnu99;
				GCC_DYNAMIC_NO_PIC = NO;
				GCC_NO_COMMON_BLOCKS = YES;
				GCC_OPTIMIZATION_LEVEL = 0;
				GCC_PREPROCESSOR_DEFINITIONS = (
					"DEBUG=1",
					"$(inherited)",
				);
				GCC_WARN_64_TO_32_BIT_CONVERSION = YES;
				GCC_WARN_ABOUT_RETURN_TYPE = YES_ERROR;
				GCC_WARN_UNDECLARED_SELECTOR = YES;
				GCC_WARN_UNINITIALIZED_AUTOS = YES_AGGRESSIVE;
				GCC_WARN_UNUSED_FUNCTION = YES;
				GCC_WARN_UNUSED_VARIABLE = YES;
				IPHONEOS_DEPLOYMENT_TARGET = 9.2;
				MTL_ENABLE_DEBUG_INFO = YES;
				ONLY_ACTIVE_ARCH = YES;
				SDKROOT = iphoneos;
				TARGETED_DEVICE_FAMILY = "1,2";
			};
			name = Debug;
		};
		35BCCB661CAE3FBD00A1E9F0 /* Release */ = {
			isa = XCBuildConfiguration;
			buildSettings = {
				ALWAYS_SEARCH_USER_PATHS = NO;
				CLANG_CXX_LANGUAGE_STANDARD = "gnu++0x";
				CLANG_CXX_LIBRARY = "libc++";
				CLANG_ENABLE_MODULES = YES;
				CLANG_ENABLE_OBJC_ARC = YES;
				CLANG_WARN_BOOL_CONVERSION = YES;
				CLANG_WARN_CONSTANT_CONVERSION = YES;
				CLANG_WARN_DIRECT_OBJC_ISA_USAGE = YES_ERROR;
				CLANG_WARN_EMPTY_BODY = YES;
				CLANG_WARN_ENUM_CONVERSION = YES;
				CLANG_WARN_INT_CONVERSION = YES;
				CLANG_WARN_OBJC_ROOT_CLASS = YES_ERROR;
				CLANG_WARN_UNREACHABLE_CODE = YES;
				CLANG_WARN__DUPLICATE_METHOD_MATCH = YES;
				"CODE_SIGN_IDENTITY[sdk=iphoneos*]" = "iPhone Developer";
				COPY_PHASE_STRIP = NO;
				DEBUG_INFORMATION_FORMAT = "dwarf-with-dsym";
				ENABLE_NS_ASSERTIONS = NO;
				ENABLE_STRICT_OBJC_MSGSEND = YES;
				GCC_C_LANGUAGE_STANDARD = gnu99;
				GCC_NO_COMMON_BLOCKS = YES;
				GCC_WARN_64_TO_32_BIT_CONVERSION = YES;
				GCC_WARN_ABOUT_RETURN_TYPE = YES_ERROR;
				GCC_WARN_UNDECLARED_SELECTOR = YES;
				GCC_WARN_UNINITIALIZED_AUTOS = YES_AGGRESSIVE;
				GCC_WARN_UNUSED_FUNCTION = YES;
				GCC_WARN_UNUSED_VARIABLE = YES;
				IPHONEOS_DEPLOYMENT_TARGET = 9.2;
				MTL_ENABLE_DEBUG_INFO = NO;
				SDKROOT = iphoneos;
				TARGETED_DEVICE_FAMILY = "1,2";
				VALIDATE_PRODUCT = YES;
			};
			name = Release;
		};
		35BCCB681CAE3FBD00A1E9F0 /* Debug */ = {
			isa = XCBuildConfiguration;
			baseConfigurationReference = 90B0763604B29D64FC19A058 /* Pods-FFLawyerTool.debug.xcconfig */;
			buildSettings = {
				ASSETCATALOG_COMPILER_APPICON_NAME = AppIcon;
				CODE_SIGN_IDENTITY = "iPhone Developer";
				INFOPLIST_FILE = FFLawyerTool/Info.plist;
				IPHONEOS_DEPLOYMENT_TARGET = 8.1;
				LD_RUNPATH_SEARCH_PATHS = "$(inherited) @executable_path/Frameworks";
				PRODUCT_BUNDLE_IDENTIFIER = www.fanly.com.FFLT.FFLawyerTool;
				PRODUCT_NAME = "$(TARGET_NAME)";
			};
			name = Debug;
		};
		35BCCB691CAE3FBD00A1E9F0 /* Release */ = {
			isa = XCBuildConfiguration;
			baseConfigurationReference = 7B6062D2BEAC93D0798324F8 /* Pods-FFLawyerTool.release.xcconfig */;
			buildSettings = {
				ASSETCATALOG_COMPILER_APPICON_NAME = AppIcon;
				CODE_SIGN_IDENTITY = "iPhone Developer";
				INFOPLIST_FILE = FFLawyerTool/Info.plist;
				IPHONEOS_DEPLOYMENT_TARGET = 8.1;
				LD_RUNPATH_SEARCH_PATHS = "$(inherited) @executable_path/Frameworks";
				PRODUCT_BUNDLE_IDENTIFIER = www.fanly.com.FFLT.FFLawyerTool;
				PRODUCT_NAME = "$(TARGET_NAME)";
			};
			name = Release;
		};
		35BCCB6B1CAE3FBD00A1E9F0 /* Debug */ = {
			isa = XCBuildConfiguration;
			buildSettings = {
				BUNDLE_LOADER = "$(TEST_HOST)";
				INFOPLIST_FILE = FFLawyerToolTests/Info.plist;
				LD_RUNPATH_SEARCH_PATHS = "$(inherited) @executable_path/Frameworks @loader_path/Frameworks";
				PRODUCT_BUNDLE_IDENTIFIER = www.fanly.com.FFLT.FFLawyerToolTests;
				PRODUCT_NAME = "$(TARGET_NAME)";
				TEST_HOST = "$(BUILT_PRODUCTS_DIR)/FFLawyerTool.app/FFLawyerTool";
			};
			name = Debug;
		};
		35BCCB6C1CAE3FBD00A1E9F0 /* Release */ = {
			isa = XCBuildConfiguration;
			buildSettings = {
				BUNDLE_LOADER = "$(TEST_HOST)";
				INFOPLIST_FILE = FFLawyerToolTests/Info.plist;
				LD_RUNPATH_SEARCH_PATHS = "$(inherited) @executable_path/Frameworks @loader_path/Frameworks";
				PRODUCT_BUNDLE_IDENTIFIER = www.fanly.com.FFLT.FFLawyerToolTests;
				PRODUCT_NAME = "$(TARGET_NAME)";
				TEST_HOST = "$(BUILT_PRODUCTS_DIR)/FFLawyerTool.app/FFLawyerTool";
			};
			name = Release;
		};
		35BCCB6E1CAE3FBD00A1E9F0 /* Debug */ = {
			isa = XCBuildConfiguration;
			buildSettings = {
				INFOPLIST_FILE = FFLawyerToolUITests/Info.plist;
				LD_RUNPATH_SEARCH_PATHS = "$(inherited) @executable_path/Frameworks @loader_path/Frameworks";
				PRODUCT_BUNDLE_IDENTIFIER = www.fanly.com.FFLT.FFLawyerToolUITests;
				PRODUCT_NAME = "$(TARGET_NAME)";
				TEST_TARGET_NAME = FFLawyerTool;
				USES_XCTRUNNER = YES;
			};
			name = Debug;
		};
		35BCCB6F1CAE3FBD00A1E9F0 /* Release */ = {
			isa = XCBuildConfiguration;
			buildSettings = {
				INFOPLIST_FILE = FFLawyerToolUITests/Info.plist;
				LD_RUNPATH_SEARCH_PATHS = "$(inherited) @executable_path/Frameworks @loader_path/Frameworks";
				PRODUCT_BUNDLE_IDENTIFIER = www.fanly.com.FFLT.FFLawyerToolUITests;
				PRODUCT_NAME = "$(TARGET_NAME)";
				TEST_TARGET_NAME = FFLawyerTool;
				USES_XCTRUNNER = YES;
			};
			name = Release;
		};
/* End XCBuildConfiguration section */

/* Begin XCConfigurationList section */
		35BCCB351CAE3FBD00A1E9F0 /* Build configuration list for PBXProject "FFLawyerTool" */ = {
			isa = XCConfigurationList;
			buildConfigurations = (
				35BCCB651CAE3FBD00A1E9F0 /* Debug */,
				35BCCB661CAE3FBD00A1E9F0 /* Release */,
			);
			defaultConfigurationIsVisible = 0;
			defaultConfigurationName = Release;
		};
		35BCCB671CAE3FBD00A1E9F0 /* Build configuration list for PBXNativeTarget "FFLawyerTool" */ = {
			isa = XCConfigurationList;
			buildConfigurations = (
				35BCCB681CAE3FBD00A1E9F0 /* Debug */,
				35BCCB691CAE3FBD00A1E9F0 /* Release */,
			);
			defaultConfigurationIsVisible = 0;
			defaultConfigurationName = Release;
		};
		35BCCB6A1CAE3FBD00A1E9F0 /* Build configuration list for PBXNativeTarget "FFLawyerToolTests" */ = {
			isa = XCConfigurationList;
			buildConfigurations = (
				35BCCB6B1CAE3FBD00A1E9F0 /* Debug */,
				35BCCB6C1CAE3FBD00A1E9F0 /* Release */,
			);
			defaultConfigurationIsVisible = 0;
			defaultConfigurationName = Release;
		};
		35BCCB6D1CAE3FBD00A1E9F0 /* Build configuration list for PBXNativeTarget "FFLawyerToolUITests" */ = {
			isa = XCConfigurationList;
			buildConfigurations = (
				35BCCB6E1CAE3FBD00A1E9F0 /* Debug */,
				35BCCB6F1CAE3FBD00A1E9F0 /* Release */,
			);
			defaultConfigurationIsVisible = 0;
			defaultConfigurationName = Release;
		};
/* End XCConfigurationList section */
	};
	rootObject = 35BCCB321CAE3FBD00A1E9F0 /* Project object */;
}
